
Microsoft Visual Studio Solution File, Format Version 12.00
# Visual Studio Version 17
VisualStudioVersion = 17.11.35327.3
MinimumVisualStudioVersion = 10.0.40219.1
Project("{FAE04EC0-301F-11D3-BF4B-00C04F79EFBC}") = "WorldCup-System", "WorldCup-System\WorldCup-System.csproj", "{16751DD3-C1F6-4A42-A1EC-B2235F592E68}"
EndProject
Project("{FAE04EC0-301F-11D3-BF4B-00C04F79EFBC}") = "Data", "Data\Data.csproj", "{7A40CDCA-7208-4578-B3C9-35BFFDE637C0}"
EndProject
Global
	GlobalSection(SolutionConfigurationPlatforms) = preSolution
		Debug|Any CPU = Debug|Any CPU
		Release|Any CPU = Release|Any CPU
	EndGlobalSection
	GlobalSection(ProjectConfigurationPlatforms) = postSolution
		{16751DD3-C1F6-4A42-A1EC-B2235F592E68}.Debug|Any CPU.ActiveCfg = Debug|Any CPU
		{16751DD3-C1F6-4A42-A1EC-B2235F592E68}.Debug|Any CPU.Build.0 = Debug|Any CPU
		{16751DD3-C1F6-4A42-A1EC-B2235F592E68}.Release|Any CPU.ActiveCfg = Release|Any CPU
		{16751DD3-C1F6-4A42-A1EC-B2235F592E68}.Release|Any CPU.Build.0 = Release|Any CPU
		{7A40CDCA-7208-4578-B3C9-35BFFDE637C0}.Debug|Any CPU.ActiveCfg = Debug|Any CPU
		{7A40CDCA-7208-4578-B3C9-35BFFDE637C0}.Debug|Any CPU.Build.0 = Debug|Any CPU
		{7A40CDCA-7208-4578-B3C9-35BFFDE637C0}.Release|Any CPU.ActiveCfg = Release|Any CPU
		{7A40CDCA-7208-4578-B3C9-35BFFDE637C0}.Release|Any CPU.Build.0 = Release|Any CPU
	EndGlobalSection
	GlobalSection(SolutionProperties) = preSolution
		HideSolutionNode = FALSE
	EndGlobalSection
	GlobalSection(ExtensibilityGlobals) = postSolution
		SolutionGuid = {598ECB4C-F0D3-4A76-9A2C-40B5E9F19A10}
	EndGlobalSection
EndGlobal
